// !$*UTF8*$!
{
	archiveVersion = 1;
	classes = {
	};
	objectVersion = 46;
	objects = {

/* Begin PBXBuildFile section */
		E471DE381C575F1900EF1D77 /* main.m in Sources */ = {isa = PBXBuildFile; fileRef = E471DE371C575F1900EF1D77 /* main.m */; };
		E471DE3B1C575F1900EF1D77 /* AppDelegate.m in Sources */ = {isa = PBXBuildFile; fileRef = E471DE3A1C575F1900EF1D77 /* AppDelegate.m */; };
		E471DE3E1C575F1900EF1D77 /* ViewController.m in Sources */ = {isa = PBXBuildFile; fileRef = E471DE3D1C575F1900EF1D77 /* ViewController.m */; };
		E471DE411C575F1900EF1D77 /* Main.storyboard in Resources */ = {isa = PBXBuildFile; fileRef = E471DE3F1C575F1900EF1D77 /* Main.storyboard */; };
		E471DE431C575F1900EF1D77 /* Assets.xcassets in Resources */ = {isa = PBXBuildFile; fileRef = E471DE421C575F1900EF1D77 /* Assets.xcassets */; };
		E471DE461C575F1900EF1D77 /* LaunchScreen.storyboard in Resources */ = {isa = PBXBuildFile; fileRef = E471DE441C575F1900EF1D77 /* LaunchScreen.storyboard */; };
		E471DE511C575F1900EF1D77 /* SlideButtonTests.m in Sources */ = {isa = PBXBuildFile; fileRef = E471DE501C575F1900EF1D77 /* SlideButtonTests.m */; };
		E471DE5C1C575F1900EF1D77 /* SlideButtonUITests.m in Sources */ = {isa = PBXBuildFile; fileRef = E471DE5B1C575F1900EF1D77 /* SlideButtonUITests.m */; };
		E471DE6C1C575F5700EF1D77 /* LMJSlideButton.m in Sources */ = {isa = PBXBuildFile; fileRef = E471DE6B1C575F5700EF1D77 /* LMJSlideButton.m */; };
		E471DE701C57613B00EF1D77 /* tab_bg.png in Resources */ = {isa = PBXBuildFile; fileRef = E471DE6F1C57613B00EF1D77 /* tab_bg.png */; };
		E471DE721C57614000EF1D77 /* tabBtn.png in Resources */ = {isa = PBXBuildFile; fileRef = E471DE711C57614000EF1D77 /* tabBtn.png */; };
/* End PBXBuildFile section */

/* Begin PBXContainerItemProxy section */
		E471DE4D1C575F1900EF1D77 /* PBXContainerItemProxy */ = {
			isa = PBXContainerItemProxy;
			containerPortal = E471DE2B1C575F1900EF1D77 /* Project object */;
			proxyType = 1;
			remoteGlobalIDString = E471DE321C575F1900EF1D77;
			remoteInfo = SlideButton;
		};
		E471DE581C575F1900EF1D77 /* PBXContainerItemProxy */ = {
			isa = PBXContainerItemProxy;
			containerPortal = E471DE2B1C575F1900EF1D77 /* Project object */;
			proxyType = 1;
			remoteGlobalIDString = E471DE321C575F1900EF1D77;
			remoteInfo = SlideButton;
		};
/* End PBXContainerItemProxy section */

/* Begin PBXFileReference section */
		E471DE331C575F1900EF1D77 /* SlideButton.app */ = {isa = PBXFileReference; explicitFileType = wrapper.application; includeInIndex = 0; path = SlideButton.app; sourceTree = BUILT_PRODUCTS_DIR; };
		E471DE371C575F1900EF1D77 /* main.m */ = {isa = PBXFileReference; lastKnownFileType = sourcecode.c.objc; path = main.m; sourceTree = "<group>"; };
		E471DE391C575F1900EF1D77 /* AppDelegate.h */ = {isa = PBXFileReference; lastKnownFileType = sourcecode.c.h; path = AppDelegate.h; sourceTree = "<group>"; };
		E471DE3A1C575F1900EF1D77 /* AppDelegate.m */ = {isa = PBXFileReference; lastKnownFileType = sourcecode.c.objc; path = AppDelegate.m; sourceTree = "<group>"; };
		E471DE3C1C575F1900EF1D77 /* ViewController.h */ = {isa = PBXFileReference; lastKnownFileType = sourcecode.c.h; path = ViewController.h; sourceTree = "<group>"; };
		E471DE3D1C575F1900EF1D77 /* ViewController.m */ = {isa = PBXFileReference; lastKnownFileType = sourcecode.c.objc; path = ViewController.m; sourceTree = "<group>"; };
		E471DE401C575F1900EF1D77 /* Base */ = {isa = PBXFileReference; lastKnownFileType = file.storyboard; name = Base; path = Base.lproj/Main.storyboard; sourceTree = "<group>"; };
		E471DE421C575F1900EF1D77 /* Assets.xcassets */ = {isa = PBXFileReference; lastKnownFileType = folder.assetcatalog; path = Assets.xcassets; sourceTree = "<group>"; };
		E471DE451C575F1900EF1D77 /* Base */ = {isa = PBXFileReference; lastKnownFileType = file.storyboard; name = Base; path = Base.lproj/LaunchScreen.storyboard; sourceTree = "<group>"; };
		E471DE471C575F1900EF1D77 /* Info.plist */ = {isa = PBXFileReference; lastKnownFileType = text.plist.xml; path = Info.plist; sourceTree = "<group>"; };
		E471DE4C1C575F1900EF1D77 /* SlideButtonTests.xctest */ = {isa = PBXFileReference; explicitFileType = wrapper.cfbundle; includeInIndex = 0; path = SlideButtonTests.xctest; sourceTree = BUILT_PRODUCTS_DIR; };
		E471DE501C575F1900EF1D77 /* SlideButtonTests.m */ = {isa = PBXFileReference; lastKnownFileType = sourcecode.c.objc; path = SlideButtonTests.m; sourceTree = "<group>"; };
		E471DE521C575F1900EF1D77 /* Info.plist */ = {isa = PBXFileReference; lastKnownFileType = text.plist.xml; path = Info.plist; sourceTree = "<group>"; };
		E471DE571C575F1900EF1D77 /* SlideButtonUITests.xctest */ = {isa = PBXFileReference; explicitFileType = wrapper.cfbundle; includeInIndex = 0; path = SlideButtonUITests.xctest; sourceTree = BUILT_PRODUCTS_DIR; };
		E471DE5B1C575F1900EF1D77 /* SlideButtonUITests.m */ = {isa = PBXFileReference; lastKnownFileType = sourcecode.c.objc; path = SlideButtonUITests.m; sourceTree = "<group>"; };
		E471DE5D1C575F1900EF1D77 /* Info.plist */ = {isa = PBXFileReference; lastKnownFileType = text.plist.xml; path = Info.plist; sourceTree = "<group>"; };
		E471DE6A1C575F5700EF1D77 /* LMJSlideButton.h */ = {isa = PBXFileReference; fileEncoding = 4; lastKnownFileType = sourcecode.c.h; path = LMJSlideButton.h; sourceTree = "<group>"; };
		E471DE6B1C575F5700EF1D77 /* LMJSlideButton.m */ = {isa = PBXFileReference; fileEncoding = 4; lastKnownFileType = sourcecode.c.objc; path = LMJSlideButton.m; sourceTree = "<group>"; };
		E471DE6F1C57613B00EF1D77 /* tab_bg.png */ = {isa = PBXFileReference; lastKnownFileType = image.png; path = tab_bg.png; sourceTree = "<group>"; };
		E471DE711C57614000EF1D77 /* tabBtn.png */ = {isa = PBXFileReference; lastKnownFileType = image.png; path = tabBtn.png; sourceTree = "<group>"; };
/* End PBXFileReference section */

/* Begin PBXFrameworksBuildPhase section */
		E471DE301C575F1900EF1D77 /* Frameworks */ = {
			isa = PBXFrameworksBuildPhase;
			buildActionMask = 2147483647;
			files = (
			);
			runOnlyForDeploymentPostprocessing = 0;
		};
		E471DE491C575F1900EF1D77 /* Frameworks */ = {
			isa = PBXFrameworksBuildPhase;
			buildActionMask = 2147483647;
			files = (
			);
			runOnlyForDeploymentPostprocessing = 0;
		};
		E471DE541C575F1900EF1D77 /* Frameworks */ = {
			isa = PBXFrameworksBuildPhase;
			buildActionMask = 2147483647;
			files = (
			);
			runOnlyForDeploymentPostprocessing = 0;
		};
/* End PBXFrameworksBuildPhase section */

/* Begin PBXGroup section */
		E471DE2A1C575F1900EF1D77 = {
			isa = PBXGroup;
			children = (
				E471DE691C575F3B00EF1D77 /* LMJSlideButton */,
				E471DE351C575F1900EF1D77 /* SlideButton */,
				E471DE4F1C575F1900EF1D77 /* SlideButtonTests */,
				E471DE5A1C575F1900EF1D77 /* SlideButtonUITests */,
				E471DE341C575F1900EF1D77 /* Products */,
			);
			sourceTree = "<group>";
		};
		E471DE341C575F1900EF1D77 /* Products */ = {
			isa = PBXGroup;
			children = (
				E471DE331C575F1900EF1D77 /* SlideButton.app */,
				E471DE4C1C575F1900EF1D77 /* SlideButtonTests.xctest */,
				E471DE571C575F1900EF1D77 /* SlideButtonUITests.xctest */,
			);
			name = Products;
			sourceTree = "<group>";
		};
		E471DE351C575F1900EF1D77 /* SlideButton */ = {
			isa = PBXGroup;
			children = (
				E471DE391C575F1900EF1D77 /* AppDelegate.h */,
				E471DE3A1C575F1900EF1D77 /* AppDelegate.m */,
				E471DE3C1C575F1900EF1D77 /* ViewController.h */,
				E471DE3D1C575F1900EF1D77 /* ViewController.m */,
				E471DE3F1C575F1900EF1D77 /* Main.storyboard */,
				E471DE421C575F1900EF1D77 /* Assets.xcassets */,
				E471DE441C575F1900EF1D77 /* LaunchScreen.storyboard */,
				E471DE471C575F1900EF1D77 /* Info.plist */,
				E471DE6F1C57613B00EF1D77 /* tab_bg.png */,
				E471DE711C57614000EF1D77 /* tabBtn.png */,
				E471DE361C575F1900EF1D77 /* Supporting Files */,
			);
			path = SlideButton;
			sourceTree = "<group>";
		};
		E471DE361C575F1900EF1D77 /* Supporting Files */ = {
			isa = PBXGroup;
			children = (
				E471DE371C575F1900EF1D77 /* main.m */,
			);
			name = "Supporting Files";
			sourceTree = "<group>";
		};
		E471DE4F1C575F1900EF1D77 /* SlideButtonTests */ = {
			isa = PBXGroup;
			children = (
				E471DE501C575F1900EF1D77 /* SlideButtonTests.m */,
				E471DE521C575F1900EF1D77 /* Info.plist */,
			);
			path = SlideButtonTests;
			sourceTree = "<group>";
		};
		E471DE5A1C575F1900EF1D77 /* SlideButtonUITests */ = {
			isa = PBXGroup;
			children = (
				E471DE5B1C575F1900EF1D77 /* SlideButtonUITests.m */,
				E471DE5D1C575F1900EF1D77 /* Info.plist */,
			);
			path = SlideButtonUITests;
			sourceTree = "<group>";
		};
		E471DE691C575F3B00EF1D77 /* LMJSlideButton */ = {
			isa = PBXGroup;
			children = (
				E471DE6A1C575F5700EF1D77 /* LMJSlideButton.h */,
				E471DE6B1C575F5700EF1D77 /* LMJSlideButton.m */,
			);
			path = LMJSlideButton;
			sourceTree = "<group>";
		};
/* End PBXGroup section */

/* Begin PBXNativeTarget section */
		E471DE321C575F1900EF1D77 /* SlideButton */ = {
			isa = PBXNativeTarget;
			buildConfigurationList = E471DE601C575F1900EF1D77 /* Build configuration list for PBXNativeTarget "SlideButton" */;
			buildPhases = (
				E471DE2F1C575F1900EF1D77 /* Sources */,
				E471DE301C575F1900EF1D77 /* Frameworks */,
				E471DE311C575F1900EF1D77 /* Resources */,
			);
			buildRules = (
			);
			dependencies = (
			);
			name = SlideButton;
			productName = SlideButton;
			productReference = E471DE331C575F1900EF1D77 /* SlideButton.app */;
			productType = "com.apple.product-type.application";
		};
		E471DE4B1C575F1900EF1D77 /* SlideButtonTests */ = {
			isa = PBXNativeTarget;
			buildConfigurationList = E471DE631C575F1900EF1D77 /* Build configuration list for PBXNativeTarget "SlideButtonTests" */;
			buildPhases = (
				E471DE481C575F1900EF1D77 /* Sources */,
				E471DE491C575F1900EF1D77 /* Frameworks */,
				E471DE4A1C575F1900EF1D77 /* Resources */,
			);
			buildRules = (
			);
			dependencies = (
				E471DE4E1C575F1900EF1D77 /* PBXTargetDependency */,
			);
			name = SlideButtonTests;
			productName = SlideButtonTests;
			productReference = E471DE4C1C575F1900EF1D77 /* SlideButtonTests.xctest */;
			productType = "com.apple.product-type.bundle.unit-test";
		};
		E471DE561C575F1900EF1D77 /* SlideButtonUITests */ = {
			isa = PBXNativeTarget;
			buildConfigurationList = E471DE661C575F1900EF1D77 /* Build configuration list for PBXNativeTarget "SlideButtonUITests" */;
			buildPhases = (
				E471DE531C575F1900EF1D77 /* Sources */,
				E471DE541C575F1900EF1D77 /* Frameworks */,
				E471DE551C575F1900EF1D77 /* Resources */,
			);
			buildRules = (
			);
			dependencies = (
				E471DE591C575F1900EF1D77 /* PBXTargetDependency */,
			);
			name = SlideButtonUITests;
			productName = SlideButtonUITests;
			productReference = E471DE571C575F1900EF1D77 /* SlideButtonUITests.xctest */;
			productType = "com.apple.product-type.bundle.ui-testing";
		};
/* End PBXNativeTarget section */

/* Begin PBXProject section */
		E471DE2B1C575F1900EF1D77 /* Project object */ = {
			isa = PBXProject;
			attributes = {
				LastUpgradeCheck = 0720;
				ORGANIZATIONNAME = "iOS开发者公会";
				TargetAttributes = {
					E471DE321C575F1900EF1D77 = {
						CreatedOnToolsVersion = 7.2;
					};
					E471DE4B1C575F1900EF1D77 = {
						CreatedOnToolsVersion = 7.2;
						TestTargetID = E471DE321C575F1900EF1D77;
					};
					E471DE561C575F1900EF1D77 = {
						CreatedOnToolsVersion = 7.2;
						TestTargetID = E471DE321C575F1900EF1D77;
					};
				};
			};
			buildConfigurationList = E471DE2E1C575F1900EF1D77 /* Build configuration list for PBXProject "SlideButton" */;
			compatibilityVersion = "Xcode 3.2";
			developmentRegion = English;
			hasScannedForEncodings = 0;
			knownRegions = (
				en,
				Base,
			);
			mainGroup = E471DE2A1C575F1900EF1D77;
			productRefGroup = E471DE341C575F1900EF1D77 /* Products */;
			projectDirPath = "";
			projectRoot = "";
			targets = (
				E471DE321C575F1900EF1D77 /* SlideButton */,
				E471DE4B1C575F1900EF1D77 /* SlideButtonTests */,
				E471DE561C575F1900EF1D77 /* SlideButtonUITests */,
			);
		};
/* End PBXProject section */

/* Begin PBXResourcesBuildPhase section */
		E471DE311C575F1900EF1D77 /* Resources */ = {
			isa = PBXResourcesBuildPhase;
			buildActionMask = 2147483647;
			files = (
				E471DE701C57613B00EF1D77 /* tab_bg.png in Resources */,
				E471DE721C57614000EF1D77 /* tabBtn.png in Resources */,
				E471DE461C575F1900EF1D77 /* LaunchScreen.storyboard in Resources */,
				E471DE431C575F1900EF1D77 /* Assets.xcassets in Resources */,
				E471DE411C575F1900EF1D77 /* Main.storyboard in Resources */,
			);
			runOnlyForDeploymentPostprocessing = 0;
		};
		E471DE4A1C575F1900EF1D77 /* Resources */ = {
			isa = PBXResourcesBuildPhase;
			buildActionMask = 2147483647;
			files = (
			);
			runOnlyForDeploymentPostprocessing = 0;
		};
		E471DE551C575F1900EF1D77 /* Resources */ = {
			isa = PBXResourcesBuildPhase;
			buildActionMask = 2147483647;
			files = (
			);
			runOnlyForDeploymentPostprocessing = 0;
		};
/* End PBXResourcesBuildPhase section */

/* Begin PBXSourcesBuildPhase section */
		E471DE2F1C575F1900EF1D77 /* Sources */ = {
			isa = PBXSourcesBuildPhase;
			buildActionMask = 2147483647;
			files = (
				E471DE3E1C575F1900EF1D77 /* ViewController.m in Sources */,
				E471DE3B1C575F1900EF1D77 /* AppDelegate.m in Sources */,
				E471DE381C575F1900EF1D77 /* main.m in Sources */,
				E471DE6C1C575F5700EF1D77 /* LMJSlideButton.m in Sources */,
			);
			runOnlyForDeploymentPostprocessing = 0;
		};
		E471DE481C575F1900EF1D77 /* Sources */ = {
			isa = PBXSourcesBuildPhase;
			buildActionMask = 2147483647;
			files = (
				E471DE511C575F1900EF1D77 /* SlideButtonTests.m in Sources */,
			);
			runOnlyForDeploymentPostprocessing = 0;
		};
		E471DE531C575F1900EF1D77 /* Sources */ = {
			isa = PBXSourcesBuildPhase;
			buildActionMask = 2147483647;
			files = (
				E471DE5C1C575F1900EF1D77 /* SlideButtonUITests.m in Sources */,
			);
			runOnlyForDeploymentPostprocessing = 0;
		};
/* End PBXSourcesBuildPhase section */

/* Begin PBXTargetDependency section */
		E471DE4E1C575F1900EF1D77 /* PBXTargetDependency */ = {
			isa = PBXTargetDependency;
			target = E471DE321C575F1900EF1D77 /* SlideButton */;
			targetProxy = E471DE4D1C575F1900EF1D77 /* PBXContainerItemProxy */;
		};
		E471DE591C575F1900EF1D77 /* PBXTargetDependency */ = {
			isa = PBXTargetDependency;
			target = E471DE321C575F1900EF1D77 /* SlideButton */;
			targetProxy = E471DE581C575F1900EF1D77 /* PBXContainerItemProxy */;
		};
/* End PBXTargetDependency section */

/* Begin PBXVariantGroup section */
		E471DE3F1C575F1900EF1D77 /* Main.storyboard */ = {
			isa = PBXVariantGroup;
			children = (
				E471DE401C575F1900EF1D77 /* Base */,
			);
			name = Main.storyboard;
			sourceTree = "<group>";
		};
		E471DE441C575F1900EF1D77 /* LaunchScreen.storyboard */ = {
			isa = PBXVariantGroup;
			children = (
				E471DE451C575F1900EF1D77 /* Base */,
			);
			name = LaunchScreen.storyboard;
			sourceTree = "<group>";
		};
/* End PBXVariantGroup section */

/* Begin XCBuildConfiguration section */
		E471DE5E1C575F1900EF1D77 /* Debug */ = {
			isa = XCBuildConfiguration;
			buildSettings = {
				ALWAYS_SEARCH_USER_PATHS = NO;
				CLANG_CXX_LANGUAGE_STANDARD = "gnu++0x";
				CLANG_CXX_LIBRARY = "libc++";
				CLANG_ENABLE_MODULES = YES;
				CLANG_ENABLE_OBJC_ARC = YES;
				CLANG_WARN_BOOL_CONVERSION = YES;
				CLANG_WARN_CONSTANT_CONVERSION = YES;
				CLANG_WARN_DIRECT_OBJC_ISA_USAGE = YES_ERROR;
				CLANG_WARN_EMPTY_BODY = YES;
				CLANG_WARN_ENUM_CONVERSION = YES;
				CLANG_WARN_INT_CONVERSION = YES;
				CLANG_WARN_OBJC_ROOT_CLASS = YES_ERROR;
				CLANG_WARN_UNREACHABLE_CODE = YES;
				CLANG_WARN__DUPLICATE_METHOD_MATCH = YES;
				"CODE_SIGN_IDENTITY[sdk=iphoneos*]" = "iPhone Developer";
				COPY_PHASE_STRIP = NO;
				DEBUG_INFORMATION_FORMAT = dwarf;
				ENABLE_STRICT_OBJC_MSGSEND = YES;
				ENABLE_TESTABILITY = YES;
				GCC_C_LANGUAGE_STANDARD = gnu99;
				GCC_DYNAMIC_NO_PIC = NO;
				GCC_NO_COMMON_BLOCKS = YES;
				GCC_OPTIMIZATION_LEVEL = 0;
				GCC_PREPROCESSOR_DEFINITIONS = (
					"DEBUG=1",
					"$(inherited)",
				);
				GCC_WARN_64_TO_32_BIT_CONVERSION = YES;
				GCC_WARN_ABOUT_RETURN_TYPE = YES_ERROR;
				GCC_WARN_UNDECLARED_SELECTOR = YES;
				GCC_WARN_UNINITIALIZED_AUTOS = YES_AGGRESSIVE;
				GCC_WARN_UNUSED_FUNCTION = YES;
				GCC_WARN_UNUSED_VARIABLE = YES;
				IPHONEOS_DEPLOYMENT_TARGET = 9.2;
				MTL_ENABLE_DEBUG_INFO = YES;
				ONLY_ACTIVE_ARCH = YES;
				SDKROOT = iphoneos;
				TARGETED_DEVICE_FAMILY = "1,2";
			};
			name = Debug;
		};
		E471DE5F1C575F1900EF1D77 /* Release */ = {
			isa = XCBuildConfiguration;
			buildSettings = {
				ALWAYS_SEARCH_USER_PATHS = NO;
				CLANG_CXX_LANGUAGE_STANDARD = "gnu++0x";
				CLANG_CXX_LIBRARY = "libc++";
				CLANG_ENABLE_MODULES = YES;
				CLANG_ENABLE_OBJC_ARC = YES;
				CLANG_WARN_BOOL_CONVERSION = YES;
				CLANG_WARN_CONSTANT_CONVERSION = YES;
				CLANG_WARN_DIRECT_OBJC_ISA_USAGE = YES_ERROR;
				CLANG_WARN_EMPTY_BODY = YES;
				CLANG_WARN_ENUM_CONVERSION = YES;
				CLANG_WARN_INT_CONVERSION = YES;
				CLANG_WARN_OBJC_ROOT_CLASS = YES_ERROR;
				CLANG_WARN_UNREACHABLE_CODE = YES;
				CLANG_WARN__DUPLICATE_METHOD_MATCH = YES;
				"CODE_SIGN_IDENTITY[sdk=iphoneos*]" = "iPhone Developer";
				COPY_PHASE_STRIP = NO;
				DEBUG_INFORMATION_FORMAT = "dwarf-with-dsym";
				ENABLE_NS_ASSERTIONS = NO;
				ENABLE_STRICT_OBJC_MSGSEND = YES;
				GCC_C_LANGUAGE_STANDARD = gnu99;
				GCC_NO_COMMON_BLOCKS = YES;
				GCC_WARN_64_TO_32_BIT_CONVERSION = YES;
				GCC_WARN_ABOUT_RETURN_TYPE = YES_ERROR;
				GCC_WARN_UNDECLARED_SELECTOR = YES;
				GCC_WARN_UNINITIALIZED_AUTOS = YES_AGGRESSIVE;
				GCC_WARN_UNUSED_FUNCTION = YES;
				GCC_WARN_UNUSED_VARIABLE = YES;
				IPHONEOS_DEPLOYMENT_TARGET = 9.2;
				MTL_ENABLE_DEBUG_INFO = NO;
				SDKROOT = iphoneos;
				TARGETED_DEVICE_FAMILY = "1,2";
				VALIDATE_PRODUCT = YES;
			};
			name = Release;
		};
		E471DE611C575F1900EF1D77 /* Debug */ = {
			isa = XCBuildConfiguration;
			buildSettings = {
				ASSETCATALOG_COMPILER_APPICON_NAME = AppIcon;
				INFOPLIST_FILE = SlideButton/Info.plist;
				LD_RUNPATH_SEARCH_PATHS = "$(inherited) @executable_path/Frameworks";
				PRODUCT_BUNDLE_IDENTIFIER = com.LMJ.SlideButton;
				PRODUCT_NAME = "$(TARGET_NAME)";
			};
			name = Debug;
		};
		E471DE621C575F1900EF1D77 /* Release */ = {
			isa = XCBuildConfiguration;
			buildSettings = {
				ASSETCATALOG_COMPILER_APPICON_NAME = AppIcon;
				INFOPLIST_FILE = SlideButton/Info.plist;
				LD_RUNPATH_SEARCH_PATHS = "$(inherited) @executable_path/Frameworks";
				PRODUCT_BUNDLE_IDENTIFIER = com.LMJ.SlideButton;
				PRODUCT_NAME = "$(TARGET_NAME)";
			};
			name = Release;
		};
		E471DE641C575F1900EF1D77 /* Debug */ = {
			isa = XCBuildConfiguration;
			buildSettings = {
				BUNDLE_LOADER = "$(TEST_HOST)";
				INFOPLIST_FILE = SlideButtonTests/Info.plist;
				LD_RUNPATH_SEARCH_PATHS = "$(inherited) @executable_path/Frameworks @loader_path/Frameworks";
				PRODUCT_BUNDLE_IDENTIFIER = com.LMJ.SlideButtonTests;
				PRODUCT_NAME = "$(TARGET_NAME)";
				TEST_HOST = "$(BUILT_PRODUCTS_DIR)/SlideButton.app/SlideButton";
			};
			name = Debug;
		};
		E471DE651C575F1900EF1D77 /* Release */ = {
			isa = XCBuildConfiguration;
			buildSettings = {
				BUNDLE_LOADER = "$(TEST_HOST)";
				INFOPLIST_FILE = SlideButtonTests/Info.plist;
				LD_RUNPATH_SEARCH_PATHS = "$(inherited) @executable_path/Frameworks @loader_path/Frameworks";
				PRODUCT_BUNDLE_IDENTIFIER = com.LMJ.SlideButtonTests;
				PRODUCT_NAME = "$(TARGET_NAME)";
				TEST_HOST = "$(BUILT_PRODUCTS_DIR)/SlideButton.app/SlideButton";
			};
			name = Release;
		};
		E471DE671C575F1900EF1D77 /* Debug */ = {
			isa = XCBuildConfiguration;
			buildSettings = {
				INFOPLIST_FILE = SlideButtonUITests/Info.plist;
				LD_RUNPATH_SEARCH_PATHS = "$(inherited) @executable_path/Frameworks @loader_path/Frameworks";
				PRODUCT_BUNDLE_IDENTIFIER = com.LMJ.SlideButtonUITests;
				PRODUCT_NAME = "$(TARGET_NAME)";
				TEST_TARGET_NAME = SlideButton;
				USES_XCTRUNNER = YES;
			};
			name = Debug;
		};
		E471DE681C575F1900EF1D77 /* Release */ = {
			isa = XCBuildConfiguration;
			buildSettings = {
				INFOPLIST_FILE = SlideButtonUITests/Info.plist;
				LD_RUNPATH_SEARCH_PATHS = "$(inherited) @executable_path/Frameworks @loader_path/Frameworks";
				PRODUCT_BUNDLE_IDENTIFIER = com.LMJ.SlideButtonUITests;
				PRODUCT_NAME = "$(TARGET_NAME)";
				TEST_TARGET_NAME = SlideButton;
				USES_XCTRUNNER = YES;
			};
			name = Release;
		};
/* End XCBuildConfiguration section */

/* Begin XCConfigurationList section */
		E471DE2E1C575F1900EF1D77 /* Build configuration list for PBXProject "SlideButton" */ = {
			isa = XCConfigurationList;
			buildConfigurations = (
				E471DE5E1C575F1900EF1D77 /* Debug */,
				E471DE5F1C575F1900EF1D77 /* Release */,
			);
			defaultConfigurationIsVisible = 0;
			defaultConfigurationName = Release;
		};
		E471DE601C575F1900EF1D77 /* Build configuration list for PBXNativeTarget "SlideButton" */ = {
			isa = XCConfigurationList;
			buildConfigurations = (
				E471DE611C575F1900EF1D77 /* Debug */,
				E471DE621C575F1900EF1D77 /* Release */,
			);
			defaultConfigurationIsVisible = 0;
		};
		E471DE631C575F1900EF1D77 /* Build configuration list for PBXNativeTarget "SlideButtonTests" */ = {
			isa = XCConfigurationList;
			buildConfigurations = (
				E471DE641C575F1900EF1D77 /* Debug */,
				E471DE651C575F1900EF1D77 /* Release */,
			);
			defaultConfigurationIsVisible = 0;
		};
		E471DE661C575F1900EF1D77 /* Build configuration list for PBXNativeTarget "SlideButtonUITests" */ = {
			isa = XCConfigurationList;
			buildConfigurations = (
				E471DE671C575F1900EF1D77 /* Debug */,
				E471DE681C575F1900EF1D77 /* Release */,
			);
			defaultConfigurationIsVisible = 0;
		};
/* End XCConfigurationList section */
	};
	rootObject = E471DE2B1C575F1900EF1D77 /* Project object */;
}
